# Code generated by scarb DO NOT EDIT.
version = 1

[[package]]
name = "snforge_scarb_plugin"
version = "0.41.0"
source = "git+https://github.com/foundry-rs/starknet-foundry?tag=v0.41.0#d6589e67bd93fbc604560d49566a79ca951e195a"

[[package]]
name = "snforge_std"
version = "0.41.0"
source = "git+https://github.com/foundry-rs/starknet-foundry?tag=v0.41.0#d6589e67bd93fbc604560d49566a79ca951e195a"
dependencies = [
 "snforge_scarb_plugin",
]

[[package]]
name = "stealthpay"
version = "0.1.0"
dependencies = [
 "snforge_std",
]
